
Microsoft Visual Studio Solution File, Format Version 12.00
# Visual Studio Version 17
VisualStudioVersion = 17.5.33530.505
MinimumVisualStudioVersion = 10.0.40219.1
Project("{9A19103F-16F7-4668-BE54-9A1E7A4F7556}") = "CursoLinq", "CursoLinq.csproj", "{E1C73A4E-FDB6-4F47-A970-2EB19BF246FC}"
EndProject
Project("{FAE04EC0-301F-11D3-BF4B-00C04F79EFBC}") = "Join", "..\Join\Join.csproj", "{CD10F64A-8F90-44BE-8EB9-3BAB993091FC}"
EndProject
Project("{FAE04EC0-301F-11D3-BF4B-00C04F79EFBC}") = "GroupJoin-LeftJoin", "..\GroupJoin-LeftJoin\GroupJoin-LeftJoin.csproj", "{E95F7C71-061D-49BF-9EA8-3B05866DEDCE}"
EndProject
Project("{FAE04EC0-301F-11D3-BF4B-00C04F79EFBC}") = "Distinct", "..\Distinct\Distinct.csproj", "{FFA8B13C-F686-40EA-B53D-DCBC3360CF8B}"
EndProject
Project("{FAE04EC0-301F-11D3-BF4B-00C04F79EFBC}") = "Union", "..\Union\Union.csproj", "{D5AF856E-AB71-47E2-BE35-B87FBA048762}"
EndProject
Global
	GlobalSection(SolutionConfigurationPlatforms) = preSolution
		Debug|Any CPU = Debug|Any CPU
		Release|Any CPU = Release|Any CPU
	EndGlobalSection
	GlobalSection(ProjectConfigurationPlatforms) = postSolution
		{E1C73A4E-FDB6-4F47-A970-2EB19BF246FC}.Debug|Any CPU.ActiveCfg = Debug|Any CPU
		{E1C73A4E-FDB6-4F47-A970-2EB19BF246FC}.Debug|Any CPU.Build.0 = Debug|Any CPU
		{E1C73A4E-FDB6-4F47-A970-2EB19BF246FC}.Release|Any CPU.ActiveCfg = Release|Any CPU
		{E1C73A4E-FDB6-4F47-A970-2EB19BF246FC}.Release|Any CPU.Build.0 = Release|Any CPU
		{CD10F64A-8F90-44BE-8EB9-3BAB993091FC}.Debug|Any CPU.ActiveCfg = Debug|Any CPU
		{CD10F64A-8F90-44BE-8EB9-3BAB993091FC}.Debug|Any CPU.Build.0 = Debug|Any CPU
		{CD10F64A-8F90-44BE-8EB9-3BAB993091FC}.Release|Any CPU.ActiveCfg = Release|Any CPU
		{CD10F64A-8F90-44BE-8EB9-3BAB993091FC}.Release|Any CPU.Build.0 = Release|Any CPU
		{E95F7C71-061D-49BF-9EA8-3B05866DEDCE}.Debug|Any CPU.ActiveCfg = Debug|Any CPU
		{E95F7C71-061D-49BF-9EA8-3B05866DEDCE}.Debug|Any CPU.Build.0 = Debug|Any CPU
		{E95F7C71-061D-49BF-9EA8-3B05866DEDCE}.Release|Any CPU.ActiveCfg = Release|Any CPU
		{E95F7C71-061D-49BF-9EA8-3B05866DEDCE}.Release|Any CPU.Build.0 = Release|Any CPU
		{FFA8B13C-F686-40EA-B53D-DCBC3360CF8B}.Debug|Any CPU.ActiveCfg = Debug|Any CPU
		{FFA8B13C-F686-40EA-B53D-DCBC3360CF8B}.Debug|Any CPU.Build.0 = Debug|Any CPU
		{FFA8B13C-F686-40EA-B53D-DCBC3360CF8B}.Release|Any CPU.ActiveCfg = Release|Any CPU
		{FFA8B13C-F686-40EA-B53D-DCBC3360CF8B}.Release|Any CPU.Build.0 = Release|Any CPU
		{D5AF856E-AB71-47E2-BE35-B87FBA048762}.Debug|Any CPU.ActiveCfg = Debug|Any CPU
		{D5AF856E-AB71-47E2-BE35-B87FBA048762}.Debug|Any CPU.Build.0 = Debug|Any CPU
		{D5AF856E-AB71-47E2-BE35-B87FBA048762}.Release|Any CPU.ActiveCfg = Release|Any CPU
		{D5AF856E-AB71-47E2-BE35-B87FBA048762}.Release|Any CPU.Build.0 = Release|Any CPU
	EndGlobalSection
	GlobalSection(SolutionProperties) = preSolution
		HideSolutionNode = FALSE
	EndGlobalSection
	GlobalSection(ExtensibilityGlobals) = postSolution
		SolutionGuid = {BD1EA7B5-AA77-49DB-82FC-5636BF8BC336}
	EndGlobalSection
EndGlobal
